
Microsoft Visual Studio Solution File, Format Version 12.00
# Visual Studio Version 16
VisualStudioVersion = 16.0.31205.134
MinimumVisualStudioVersion = 10.0.40219.1
Project("{FAE04EC0-301F-11D3-BF4B-00C04F79EFBC}") = "LINQ Empty", "LINQ Empty.csproj", "{B2438484-7B79-4AB9-8851-3FD11E9FF7EB}"
EndProject
Global
	GlobalSection(SolutionConfigurationPlatforms) = preSolution
		Debug|Any CPU = Debug|Any CPU
		Release|Any CPU = Release|Any CPU
	EndGlobalSection
	GlobalSection(ProjectConfigurationPlatforms) = postSolution
		{B2438484-7B79-4AB9-8851-3FD11E9FF7EB}.Debug|Any CPU.ActiveCfg = Debug|Any CPU
		{B2438484-7B79-4AB9-8851-3FD11E9FF7EB}.Debug|Any CPU.Build.0 = Debug|Any CPU
		{B2438484-7B79-4AB9-8851-3FD11E9FF7EB}.Release|Any CPU.ActiveCfg = Release|Any CPU
		{B2438484-7B79-4AB9-8851-3FD11E9FF7EB}.Release|Any CPU.Build.0 = Release|Any CPU
	EndGlobalSection
	GlobalSection(SolutionProperties) = preSolution
		HideSolutionNode = FALSE
	EndGlobalSection
	GlobalSection(ExtensibilityGlobals) = postSolution
		SolutionGuid = {50D0576F-B625-4867-A0C3-A291BF6D0565}
	EndGlobalSection
EndGlobal
